
Microsoft Visual Studio Solution File, Format Version 12.00
# Visual Studio 15
VisualStudioVersion = 15.0.27428.2015
MinimumVisualStudioVersion = 10.0.40219.1
Project("{FAE04EC0-301F-11D3-BF4B-00C04F79EFBC}") = "Worker", "Worker\Worker.csproj", "{E181D402-397A-4867-ACC7-75081ED2D689}"
EndProject
Project("{FAE04EC0-301F-11D3-BF4B-00C04F79EFBC}") = "Worker.DAL", "Worker.DAL\Worker.DAL.csproj", "{03F5DC92-FFBD-45CB-9A27-EE3A4E3C5A8E}"
EndProject
Global
	GlobalSection(SolutionConfigurationPlatforms) = preSolution
		Debug|Any CPU = Debug|Any CPU
		Release|Any CPU = Release|Any CPU
	EndGlobalSection
	GlobalSection(ProjectConfigurationPlatforms) = postSolution
		{E181D402-397A-4867-ACC7-75081ED2D689}.Debug|Any CPU.ActiveCfg = Debug|Any CPU
		{E181D402-397A-4867-ACC7-75081ED2D689}.Debug|Any CPU.Build.0 = Debug|Any CPU
		{E181D402-397A-4867-ACC7-75081ED2D689}.Release|Any CPU.ActiveCfg = Release|Any CPU
		{E181D402-397A-4867-ACC7-75081ED2D689}.Release|Any CPU.Build.0 = Release|Any CPU
		{03F5DC92-FFBD-45CB-9A27-EE3A4E3C5A8E}.Debug|Any CPU.ActiveCfg = Debug|Any CPU
		{03F5DC92-FFBD-45CB-9A27-EE3A4E3C5A8E}.Debug|Any CPU.Build.0 = Debug|Any CPU
		{03F5DC92-FFBD-45CB-9A27-EE3A4E3C5A8E}.Release|Any CPU.ActiveCfg = Release|Any CPU
		{03F5DC92-FFBD-45CB-9A27-EE3A4E3C5A8E}.Release|Any CPU.Build.0 = Release|Any CPU
	EndGlobalSection
	GlobalSection(SolutionProperties) = preSolution
		HideSolutionNode = FALSE
	EndGlobalSection
	GlobalSection(ExtensibilityGlobals) = postSolution
		SolutionGuid = {2AA420F8-79F0-431F-8C0E-40C183DB7D21}
	EndGlobalSection
EndGlobal
